
Microsoft Visual Studio Solution File, Format Version 12.00
# Visual Studio Version 16
VisualStudioVersion = 16.0.31515.178
MinimumVisualStudioVersion = 10.0.40219.1
Project("{FAE04EC0-301F-11D3-BF4B-00C04F79EFBC}") = "RedisApp.Api", "RedisApp.Api\RedisApp.Api.csproj", "{F7E42FEC-4C8A-4B64-BAD1-03C2C967FC74}"
EndProject
Global
	GlobalSection(SolutionConfigurationPlatforms) = preSolution
		Debug|Any CPU = Debug|Any CPU
		Release|Any CPU = Release|Any CPU
	EndGlobalSection
	GlobalSection(ProjectConfigurationPlatforms) = postSolution
		{F7E42FEC-4C8A-4B64-BAD1-03C2C967FC74}.Debug|Any CPU.ActiveCfg = Debug|Any CPU
		{F7E42FEC-4C8A-4B64-BAD1-03C2C967FC74}.Debug|Any CPU.Build.0 = Debug|Any CPU
		{F7E42FEC-4C8A-4B64-BAD1-03C2C967FC74}.Release|Any CPU.ActiveCfg = Release|Any CPU
		{F7E42FEC-4C8A-4B64-BAD1-03C2C967FC74}.Release|Any CPU.Build.0 = Release|Any CPU
	EndGlobalSection
	GlobalSection(SolutionProperties) = preSolution
		HideSolutionNode = FALSE
	EndGlobalSection
	GlobalSection(ExtensibilityGlobals) = postSolution
		SolutionGuid = {C100B3FF-720B-42B5-831E-610D740B4EF0}
	EndGlobalSection
EndGlobal
